// !$*UTF8*$!
{
	archiveVersion = 1;
	classes = {
	};
	objectVersion = 48;
	objects = {

/* Begin PBXBuildFile section */
		EA6CD7D51F443651002DC4DA /* Event.swift in Sources */ = {isa = PBXBuildFile; fileRef = EA6CD7D41F443651002DC4DA /* Event.swift */; };
		EA6CD7D71F44365C002DC4DA /* Round.swift in Sources */ = {isa = PBXBuildFile; fileRef = EA6CD7D61F44365C002DC4DA /* Round.swift */; };
		EA99CBEE1F4333CA009B9E95 /* AppDelegate.swift in Sources */ = {isa = PBXBuildFile; fileRef = EA99CBED1F4333CA009B9E95 /* AppDelegate.swift */; };
		EA99CBF01F4333CA009B9E95 /* ViewController.swift in Sources */ = {isa = PBXBuildFile; fileRef = EA99CBEF1F4333CA009B9E95 /* ViewController.swift */; };
		EA99CBF31F4333CA009B9E95 /* Main.storyboard in Resources */ = {isa = PBXBuildFile; fileRef = EA99CBF11F4333CA009B9E95 /* Main.storyboard */; };
		EA99CBF51F4333CA009B9E95 /* Assets.xcassets in Resources */ = {isa = PBXBuildFile; fileRef = EA99CBF41F4333CA009B9E95 /* Assets.xcassets */; };
		EA99CBF81F4333CA009B9E95 /* LaunchScreen.storyboard in Resources */ = {isa = PBXBuildFile; fileRef = EA99CBF61F4333CA009B9E95 /* LaunchScreen.storyboard */; };
		EAA4186E1F45EA4A009EEFBF /* ScoreViewController.swift in Sources */ = {isa = PBXBuildFile; fileRef = EAA4186D1F45EA4A009EEFBF /* ScoreViewController.swift */; };
		EAA418701F46346D009EEFBF /* SoundProvider.swift in Sources */ = {isa = PBXBuildFile; fileRef = EAA4186F1F46346D009EEFBF /* SoundProvider.swift */; };
		EAA418711F463BED009EEFBF /* correctSound.wav in Resources */ = {isa = PBXBuildFile; fileRef = EACC21771F4489BB0085C331 /* correctSound.wav */; };
		EAA418721F463BED009EEFBF /* incorrectSound.wav in Resources */ = {isa = PBXBuildFile; fileRef = EACC21761F4489BB0085C331 /* incorrectSound.wav */; };
		EACC21751F4455840085C331 /* EventList.plist in Resources */ = {isa = PBXBuildFile; fileRef = EACC21741F4455840085C331 /* EventList.plist */; };
		EACC21791F45B0230085C331 /* WebViewController.swift in Sources */ = {isa = PBXBuildFile; fileRef = EACC21781F45B0230085C331 /* WebViewController.swift */; };
/* End PBXBuildFile section */

/* Begin PBXFileReference section */
		EA6CD7D41F443651002DC4DA /* Event.swift */ = {isa = PBXFileReference; lastKnownFileType = sourcecode.swift; path = Event.swift; sourceTree = "<group>"; };
		EA6CD7D61F44365C002DC4DA /* Round.swift */ = {isa = PBXFileReference; lastKnownFileType = sourcecode.swift; path = Round.swift; sourceTree = "<group>"; };
		EA99CBEA1F4333CA009B9E95 /* BoutTime.app */ = {isa = PBXFileReference; explicitFileType = wrapper.application; includeInIndex = 0; path = BoutTime.app; sourceTree = BUILT_PRODUCTS_DIR; };
		EA99CBED1F4333CA009B9E95 /* AppDelegate.swift */ = {isa = PBXFileReference; lastKnownFileType = sourcecode.swift; path = AppDelegate.swift; sourceTree = "<group>"; };
		EA99CBEF1F4333CA009B9E95 /* ViewController.swift */ = {isa = PBXFileReference; lastKnownFileType = sourcecode.swift; path = ViewController.swift; sourceTree = "<group>"; };
		EA99CBF21F4333CA009B9E95 /* Base */ = {isa = PBXFileReference; lastKnownFileType = file.storyboard; name = Base; path = Base.lproj/Main.storyboard; sourceTree = "<group>"; };
		EA99CBF41F4333CA009B9E95 /* Assets.xcassets */ = {isa = PBXFileReference; lastKnownFileType = folder.assetcatalog; path = Assets.xcassets; sourceTree = "<group>"; };
		EA99CBF71F4333CA009B9E95 /* Base */ = {isa = PBXFileReference; lastKnownFileType = file.storyboard; name = Base; path = Base.lproj/LaunchScreen.storyboard; sourceTree = "<group>"; };
		EA99CBF91F4333CA009B9E95 /* Info.plist */ = {isa = PBXFileReference; lastKnownFileType = text.plist.xml; path = Info.plist; sourceTree = "<group>"; };
		EAA4186D1F45EA4A009EEFBF /* ScoreViewController.swift */ = {isa = PBXFileReference; lastKnownFileType = sourcecode.swift; path = ScoreViewController.swift; sourceTree = "<group>"; };
		EAA4186F1F46346D009EEFBF /* SoundProvider.swift */ = {isa = PBXFileReference; lastKnownFileType = sourcecode.swift; path = SoundProvider.swift; sourceTree = "<group>"; };
		EACC21741F4455840085C331 /* EventList.plist */ = {isa = PBXFileReference; lastKnownFileType = text.plist.xml; path = EventList.plist; sourceTree = "<group>"; };
		EACC21761F4489BB0085C331 /* incorrectSound.wav */ = {isa = PBXFileReference; lastKnownFileType = audio.wav; path = incorrectSound.wav; sourceTree = "<group>"; };
		EACC21771F4489BB0085C331 /* correctSound.wav */ = {isa = PBXFileReference; lastKnownFileType = audio.wav; path = correctSound.wav; sourceTree = "<group>"; };
		EACC21781F45B0230085C331 /* WebViewController.swift */ = {isa = PBXFileReference; lastKnownFileType = sourcecode.swift; path = WebViewController.swift; sourceTree = "<group>"; };
/* End PBXFileReference section */

/* Begin PBXFrameworksBuildPhase section */
		EA99CBE71F4333CA009B9E95 /* Frameworks */ = {
			isa = PBXFrameworksBuildPhase;
			buildActionMask = 2147483647;
			files = (
			);
			runOnlyForDeploymentPostprocessing = 0;
		};
/* End PBXFrameworksBuildPhase section */

/* Begin PBXGroup section */
		EA99CBE11F4333CA009B9E95 = {
			isa = PBXGroup;
			children = (
				EA99CBEC1F4333CA009B9E95 /* BoutTime */,
				EA99CBEB1F4333CA009B9E95 /* Products */,
			);
			sourceTree = "<group>";
		};
		EA99CBEB1F4333CA009B9E95 /* Products */ = {
			isa = PBXGroup;
			children = (
				EA99CBEA1F4333CA009B9E95 /* BoutTime.app */,
			);
			name = Products;
			sourceTree = "<group>";
		};
		EA99CBEC1F4333CA009B9E95 /* BoutTime */ = {
			isa = PBXGroup;
			children = (
				EA99CBED1F4333CA009B9E95 /* AppDelegate.swift */,
				EA99CBEF1F4333CA009B9E95 /* ViewController.swift */,
				EAA4186F1F46346D009EEFBF /* SoundProvider.swift */,
				EACC21781F45B0230085C331 /* WebViewController.swift */,
				EAA4186D1F45EA4A009EEFBF /* ScoreViewController.swift */,
				EA6CD7D41F443651002DC4DA /* Event.swift */,
				EA6CD7D61F44365C002DC4DA /* Round.swift */,
				EA99CBF11F4333CA009B9E95 /* Main.storyboard */,
				EA99CBF61F4333CA009B9E95 /* LaunchScreen.storyboard */,
				EA99CBF41F4333CA009B9E95 /* Assets.xcassets */,
				EA99CBF91F4333CA009B9E95 /* Info.plist */,
				EACC21741F4455840085C331 /* EventList.plist */,
				EACC21771F4489BB0085C331 /* correctSound.wav */,
				EACC21761F4489BB0085C331 /* incorrectSound.wav */,
			);
			path = BoutTime;
			sourceTree = "<group>";
		};
/* End PBXGroup section */

/* Begin PBXNativeTarget section */
		EA99CBE91F4333CA009B9E95 /* BoutTime */ = {
			isa = PBXNativeTarget;
			buildConfigurationList = EA99CBFC1F4333CA009B9E95 /* Build configuration list for PBXNativeTarget "BoutTime" */;
			buildPhases = (
				EA99CBE61F4333CA009B9E95 /* Sources */,
				EA99CBE71F4333CA009B9E95 /* Frameworks */,
				EA99CBE81F4333CA009B9E95 /* Resources */,
			);
			buildRules = (
			);
			dependencies = (
			);
			name = BoutTime;
			productName = BoutTime;
			productReference = EA99CBEA1F4333CA009B9E95 /* BoutTime.app */;
			productType = "com.apple.product-type.application";
		};
/* End PBXNativeTarget section */

/* Begin PBXProject section */
		EA99CBE21F4333CA009B9E95 /* Project object */ = {
			isa = PBXProject;
			attributes = {
				LastSwiftUpdateCheck = 0900;
				LastUpgradeCheck = 0900;
				ORGANIZATIONNAME = JamesMulholland;
				TargetAttributes = {
					EA99CBE91F4333CA009B9E95 = {
						CreatedOnToolsVersion = 9.0;
					};
				};
			};
			buildConfigurationList = EA99CBE51F4333CA009B9E95 /* Build configuration list for PBXProject "BoutTime" */;
			compatibilityVersion = "Xcode 8.0";
			developmentRegion = en;
			hasScannedForEncodings = 0;
			knownRegions = (
				en,
				Base,
			);
			mainGroup = EA99CBE11F4333CA009B9E95;
			productRefGroup = EA99CBEB1F4333CA009B9E95 /* Products */;
			projectDirPath = "";
			projectRoot = "";
			targets = (
				EA99CBE91F4333CA009B9E95 /* BoutTime */,
			);
		};
/* End PBXProject section */

/* Begin PBXResourcesBuildPhase section */
		EA99CBE81F4333CA009B9E95 /* Resources */ = {
			isa = PBXResourcesBuildPhase;
			buildActionMask = 2147483647;
			files = (
				EAA418711F463BED009EEFBF /* correctSound.wav in Resources */,
				EAA418721F463BED009EEFBF /* incorrectSound.wav in Resources */,
				EA99CBF81F4333CA009B9E95 /* LaunchScreen.storyboard in Resources */,
				EA99CBF51F4333CA009B9E95 /* Assets.xcassets in Resources */,
				EA99CBF31F4333CA009B9E95 /* Main.storyboard in Resources */,
				EACC21751F4455840085C331 /* EventList.plist in Resources */,
			);
			runOnlyForDeploymentPostprocessing = 0;
		};
/* End PBXResourcesBuildPhase section */

/* Begin PBXSourcesBuildPhase section */
		EA99CBE61F4333CA009B9E95 /* Sources */ = {
			isa = PBXSourcesBuildPhase;
			buildActionMask = 2147483647;
			files = (
				EA99CBF01F4333CA009B9E95 /* ViewController.swift in Sources */,
				EA6CD7D51F443651002DC4DA /* Event.swift in Sources */,
				EA6CD7D71F44365C002DC4DA /* Round.swift in Sources */,
				EACC21791F45B0230085C331 /* WebViewController.swift in Sources */,
				EAA418701F46346D009EEFBF /* SoundProvider.swift in Sources */,
				EA99CBEE1F4333CA009B9E95 /* AppDelegate.swift in Sources */,
				EAA4186E1F45EA4A009EEFBF /* ScoreViewController.swift in Sources */,
			);
			runOnlyForDeploymentPostprocessing = 0;
		};
/* End PBXSourcesBuildPhase section */

/* Begin PBXVariantGroup section */
		EA99CBF11F4333CA009B9E95 /* Main.storyboard */ = {
			isa = PBXVariantGroup;
			children = (
				EA99CBF21F4333CA009B9E95 /* Base */,
			);
			name = Main.storyboard;
			sourceTree = "<group>";
		};
		EA99CBF61F4333CA009B9E95 /* LaunchScreen.storyboard */ = {
			isa = PBXVariantGroup;
			children = (
				EA99CBF71F4333CA009B9E95 /* Base */,
			);
			name = LaunchScreen.storyboard;
			sourceTree = "<group>";
		};
/* End PBXVariantGroup section */

/* Begin XCBuildConfiguration section */
		EA99CBFA1F4333CA009B9E95 /* Debug */ = {
			isa = XCBuildConfiguration;
			buildSettings = {
				ALWAYS_SEARCH_USER_PATHS = NO;
				CLANG_ANALYZER_NONNULL = YES;
				CLANG_ANALYZER_NUMBER_OBJECT_CONVERSION = YES_AGGRESSIVE;
				CLANG_CXX_LANGUAGE_STANDARD = "gnu++14";
				CLANG_CXX_LIBRARY = "libc++";
				CLANG_ENABLE_MODULES = YES;
				CLANG_ENABLE_OBJC_ARC = YES;
				CLANG_WARN_BLOCK_CAPTURE_AUTORELEASING = YES;
				CLANG_WARN_BOOL_CONVERSION = YES;
				CLANG_WARN_COMMA = YES;
				CLANG_WARN_CONSTANT_CONVERSION = YES;
				CLANG_WARN_DIRECT_OBJC_ISA_USAGE = YES_ERROR;
				CLANG_WARN_DOCUMENTATION_COMMENTS = YES;
				CLANG_WARN_EMPTY_BODY = YES;
				CLANG_WARN_ENUM_CONVERSION = YES;
				CLANG_WARN_INFINITE_RECURSION = YES;
				CLANG_WARN_INT_CONVERSION = YES;
				CLANG_WARN_NON_LITERAL_NULL_CONVERSION = YES;
				CLANG_WARN_OBJC_LITERAL_CONVERSION = YES;
				CLANG_WARN_OBJC_ROOT_CLASS = YES_ERROR;
				CLANG_WARN_RANGE_LOOP_ANALYSIS = YES;
				CLANG_WARN_STRICT_PROTOTYPES = YES;
				CLANG_WARN_SUSPICIOUS_MOVE = YES;
				CLANG_WARN_UNGUARDED_AVAILABILITY = YES_AGGRESSIVE;
				CLANG_WARN_UNREACHABLE_CODE = YES;
				CLANG_WARN__DUPLICATE_METHOD_MATCH = YES;
				CODE_SIGN_IDENTITY = "iPhone Developer";
				COPY_PHASE_STRIP = NO;
				DEBUG_INFORMATION_FORMAT = dwarf;
				ENABLE_STRICT_OBJC_MSGSEND = YES;
				ENABLE_TESTABILITY = YES;
				GCC_C_LANGUAGE_STANDARD = gnu11;
				GCC_DYNAMIC_NO_PIC = NO;
				GCC_NO_COMMON_BLOCKS = YES;
				GCC_OPTIMIZATION_LEVEL = 0;
				GCC_PREPROCESSOR_DEFINITIONS = (
					"DEBUG=1",
					"$(inherited)",
				);
				GCC_WARN_64_TO_32_BIT_CONVERSION = YES;
				GCC_WARN_ABOUT_RETURN_TYPE = YES_ERROR;
				GCC_WARN_UNDECLARED_SELECTOR = YES;
				GCC_WARN_UNINITIALIZED_AUTOS = YES_AGGRESSIVE;
				GCC_WARN_UNUSED_FUNCTION = YES;
				GCC_WARN_UNUSED_VARIABLE = YES;
				IPHONEOS_DEPLOYMENT_TARGET = 11.0;
				MTL_ENABLE_DEBUG_INFO = YES;
				ONLY_ACTIVE_ARCH = YES;
				SDKROOT = iphoneos;
				SWIFT_ACTIVE_COMPILATION_CONDITIONS = DEBUG;
				SWIFT_OPTIMIZATION_LEVEL = "-Onone";
			};
			name = Debug;
		};
		EA99CBFB1F4333CA009B9E95 /* Release */ = {
			isa = XCBuildConfiguration;
			buildSettings = {
				ALWAYS_SEARCH_USER_PATHS = NO;
				CLANG_ANALYZER_NONNULL = YES;
				CLANG_ANALYZER_NUMBER_OBJECT_CONVERSION = YES_AGGRESSIVE;
				CLANG_CXX_LANGUAGE_STANDARD = "gnu++14";
				CLANG_CXX_LIBRARY = "libc++";
				CLANG_ENABLE_MODULES = YES;
				CLANG_ENABLE_OBJC_ARC = YES;
				CLANG_WARN_BLOCK_CAPTURE_AUTORELEASING = YES;
				CLANG_WARN_BOOL_CONVERSION = YES;
				CLANG_WARN_COMMA = YES;
				CLANG_WARN_CONSTANT_CONVERSION = YES;
				CLANG_WARN_DIRECT_OBJC_ISA_USAGE = YES_ERROR;
				CLANG_WARN_DOCUMENTATION_COMMENTS = YES;
				CLANG_WARN_EMPTY_BODY = YES;
				CLANG_WARN_ENUM_CONVERSION = YES;
				CLANG_WARN_INFINITE_RECURSION = YES;
				CLANG_WARN_INT_CONVERSION = YES;
				CLANG_WARN_NON_LITERAL_NULL_CONVERSION = YES;
				CLANG_WARN_OBJC_LITERAL_CONVERSION = YES;
				CLANG_WARN_OBJC_ROOT_CLASS = YES_ERROR;
				CLANG_WARN_RANGE_LOOP_ANALYSIS = YES;
				CLANG_WARN_STRICT_PROTOTYPES = YES;
				CLANG_WARN_SUSPICIOUS_MOVE = YES;
				CLANG_WARN_UNGUARDED_AVAILABILITY = YES_AGGRESSIVE;
				CLANG_WARN_UNREACHABLE_CODE = YES;
				CLANG_WARN__DUPLICATE_METHOD_MATCH = YES;
				CODE_SIGN_IDENTITY = "iPhone Developer";
				COPY_PHASE_STRIP = NO;
				DEBUG_INFORMATION_FORMAT = "dwarf-with-dsym";
				ENABLE_NS_ASSERTIONS = NO;
				ENABLE_STRICT_OBJC_MSGSEND = YES;
				GCC_C_LANGUAGE_STANDARD = gnu11;
				GCC_NO_COMMON_BLOCKS = YES;
				GCC_WARN_64_TO_32_BIT_CONVERSION = YES;
				GCC_WARN_ABOUT_RETURN_TYPE = YES_ERROR;
				GCC_WARN_UNDECLARED_SELECTOR = YES;
				GCC_WARN_UNINITIALIZED_AUTOS = YES_AGGRESSIVE;
				GCC_WARN_UNUSED_FUNCTION = YES;
				GCC_WARN_UNUSED_VARIABLE = YES;
				IPHONEOS_DEPLOYMENT_TARGET = 11.0;
				MTL_ENABLE_DEBUG_INFO = NO;
				SDKROOT = iphoneos;
				SWIFT_OPTIMIZATION_LEVEL = "-Owholemodule";
				VALIDATE_PRODUCT = YES;
			};
			name = Release;
		};
		EA99CBFD1F4333CA009B9E95 /* Debug */ = {
			isa = XCBuildConfiguration;
			buildSettings = {
				ASSETCATALOG_COMPILER_APPICON_NAME = AppIcon;
				DEVELOPMENT_TEAM = 3F9QLTVDW9;
				INFOPLIST_FILE = BoutTime/Info.plist;
				LD_RUNPATH_SEARCH_PATHS = "$(inherited) @executable_path/Frameworks";
				PRODUCT_BUNDLE_IDENTIFIER = JamesMulholland.BoutTime;
				PRODUCT_NAME = "$(TARGET_NAME)";
				SWIFT_VERSION = 4.0;
				TARGETED_DEVICE_FAMILY = "1,2";
			};
			name = Debug;
		};
		EA99CBFE1F4333CA009B9E95 /* Release */ = {
			isa = XCBuildConfiguration;
			buildSettings = {
				ASSETCATALOG_COMPILER_APPICON_NAME = AppIcon;
				DEVELOPMENT_TEAM = 3F9QLTVDW9;
				INFOPLIST_FILE = BoutTime/Info.plist;
				LD_RUNPATH_SEARCH_PATHS = "$(inherited) @executable_path/Frameworks";
				PRODUCT_BUNDLE_IDENTIFIER = JamesMulholland.BoutTime;
				PRODUCT_NAME = "$(TARGET_NAME)";
				SWIFT_VERSION = 4.0;
				TARGETED_DEVICE_FAMILY = "1,2";
			};
			name = Release;
		};
/* End XCBuildConfiguration section */

/* Begin XCConfigurationList section */
		EA99CBE51F4333CA009B9E95 /* Build configuration list for PBXProject "BoutTime" */ = {
			isa = XCConfigurationList;
			buildConfigurations = (
				EA99CBFA1F4333CA009B9E95 /* Debug */,
				EA99CBFB1F4333CA009B9E95 /* Release */,
			);
			defaultConfigurationIsVisible = 0;
			defaultConfigurationName = Release;
		};
		EA99CBFC1F4333CA009B9E95 /* Build configuration list for PBXNativeTarget "BoutTime" */ = {
			isa = XCConfigurationList;
			buildConfigurations = (
				EA99CBFD1F4333CA009B9E95 /* Debug */,
				EA99CBFE1F4333CA009B9E95 /* Release */,
			);
			defaultConfigurationIsVisible = 0;
			defaultConfigurationName = Release;
		};
/* End XCConfigurationList section */
	};
	rootObject = EA99CBE21F4333CA009B9E95 /* Project object */;
}
